// !$*UTF8*$!
{
	archiveVersion = 1;
	classes = {
	};
	objectVersion = 50;
	objects = {

/* Begin PBXBuildFile section */
		573BA31120F6D74F002318BC /* UIColor_ext.swift in Sources */ = {isa = PBXBuildFile; fileRef = 573BA31020F6D74F002318BC /* UIColor_ext.swift */; };
		573BA31720F7AC26002318BC /* PodcastSearchController.swift in Sources */ = {isa = PBXBuildFile; fileRef = 573BA31620F7AC26002318BC /* PodcastSearchController.swift */; };
		573BA31A20F7ACBD002318BC /* Podcast.swift in Sources */ = {isa = PBXBuildFile; fileRef = 573BA31920F7ACBD002318BC /* Podcast.swift */; };
		57E6CF1220F7E46A000F4925 /* APIService.swift in Sources */ = {isa = PBXBuildFile; fileRef = 57E6CF1120F7E46A000F4925 /* APIService.swift */; };
		57E6CF1520F7E8EB000F4925 /* PodcastCell.xib in Resources */ = {isa = PBXBuildFile; fileRef = 57E6CF1420F7E8EB000F4925 /* PodcastCell.xib */; };
		57E6CF1720F7EA8D000F4925 /* PodcastCell.swift in Sources */ = {isa = PBXBuildFile; fileRef = 57E6CF1620F7EA8D000F4925 /* PodcastCell.swift */; };
		9545F4348B31A219DE138D9B /* Pods_Poddler.framework in Frameworks */ = {isa = PBXBuildFile; fileRef = 31A613C26E454E9AF96B0265 /* Pods_Poddler.framework */; };
		F0F289E520F6AE8D006879C1 /* AppDelegate.swift in Sources */ = {isa = PBXBuildFile; fileRef = F0F289E420F6AE8D006879C1 /* AppDelegate.swift */; };
		F0F289E720F6AE8D006879C1 /* ViewController.swift in Sources */ = {isa = PBXBuildFile; fileRef = F0F289E620F6AE8D006879C1 /* ViewController.swift */; };
		F0F289EC20F6AE8F006879C1 /* Assets.xcassets in Resources */ = {isa = PBXBuildFile; fileRef = F0F289EB20F6AE8F006879C1 /* Assets.xcassets */; };
		F0F289EF20F6AE8F006879C1 /* LaunchScreen.storyboard in Resources */ = {isa = PBXBuildFile; fileRef = F0F289ED20F6AE8F006879C1 /* LaunchScreen.storyboard */; };
		F0F289F720F6AF6B006879C1 /* MainTabBarController.swift in Sources */ = {isa = PBXBuildFile; fileRef = F0F289F620F6AF6B006879C1 /* MainTabBarController.swift */; };
/* End PBXBuildFile section */

/* Begin PBXFileReference section */
		2F0320E61245EF604F223BB1 /* Pods-Poddler.debug.xcconfig */ = {isa = PBXFileReference; includeInIndex = 1; lastKnownFileType = text.xcconfig; name = "Pods-Poddler.debug.xcconfig"; path = "Pods/Target Support Files/Pods-Poddler/Pods-Poddler.debug.xcconfig"; sourceTree = "<group>"; };
		31A613C26E454E9AF96B0265 /* Pods_Poddler.framework */ = {isa = PBXFileReference; explicitFileType = wrapper.framework; includeInIndex = 0; path = Pods_Poddler.framework; sourceTree = BUILT_PRODUCTS_DIR; };
		573BA31020F6D74F002318BC /* UIColor_ext.swift */ = {isa = PBXFileReference; lastKnownFileType = sourcecode.swift; path = UIColor_ext.swift; sourceTree = "<group>"; };
		573BA31620F7AC26002318BC /* PodcastSearchController.swift */ = {isa = PBXFileReference; lastKnownFileType = sourcecode.swift; path = PodcastSearchController.swift; sourceTree = "<group>"; };
		573BA31920F7ACBD002318BC /* Podcast.swift */ = {isa = PBXFileReference; lastKnownFileType = sourcecode.swift; path = Podcast.swift; sourceTree = "<group>"; };
		57E6CF1120F7E46A000F4925 /* APIService.swift */ = {isa = PBXFileReference; lastKnownFileType = sourcecode.swift; path = APIService.swift; sourceTree = "<group>"; };
		57E6CF1420F7E8EB000F4925 /* PodcastCell.xib */ = {isa = PBXFileReference; lastKnownFileType = file.xib; path = PodcastCell.xib; sourceTree = "<group>"; };
		57E6CF1620F7EA8D000F4925 /* PodcastCell.swift */ = {isa = PBXFileReference; lastKnownFileType = sourcecode.swift; path = PodcastCell.swift; sourceTree = "<group>"; };
		D295DDBF4A9BD2A6D6419441 /* Pods-Poddler.release.xcconfig */ = {isa = PBXFileReference; includeInIndex = 1; lastKnownFileType = text.xcconfig; name = "Pods-Poddler.release.xcconfig"; path = "Pods/Target Support Files/Pods-Poddler/Pods-Poddler.release.xcconfig"; sourceTree = "<group>"; };
		F0F289E120F6AE8D006879C1 /* Poddler.app */ = {isa = PBXFileReference; explicitFileType = wrapper.application; includeInIndex = 0; path = Poddler.app; sourceTree = BUILT_PRODUCTS_DIR; };
		F0F289E420F6AE8D006879C1 /* AppDelegate.swift */ = {isa = PBXFileReference; lastKnownFileType = sourcecode.swift; path = AppDelegate.swift; sourceTree = "<group>"; };
		F0F289E620F6AE8D006879C1 /* ViewController.swift */ = {isa = PBXFileReference; lastKnownFileType = sourcecode.swift; path = ViewController.swift; sourceTree = "<group>"; };
		F0F289EB20F6AE8F006879C1 /* Assets.xcassets */ = {isa = PBXFileReference; lastKnownFileType = folder.assetcatalog; path = Assets.xcassets; sourceTree = "<group>"; };
		F0F289EE20F6AE8F006879C1 /* Base */ = {isa = PBXFileReference; lastKnownFileType = file.storyboard; name = Base; path = Base.lproj/LaunchScreen.storyboard; sourceTree = "<group>"; };
		F0F289F020F6AE8F006879C1 /* Info.plist */ = {isa = PBXFileReference; lastKnownFileType = text.plist.xml; path = Info.plist; sourceTree = "<group>"; };
		F0F289F620F6AF6B006879C1 /* MainTabBarController.swift */ = {isa = PBXFileReference; lastKnownFileType = sourcecode.swift; path = MainTabBarController.swift; sourceTree = "<group>"; };
/* End PBXFileReference section */

/* Begin PBXFrameworksBuildPhase section */
		F0F289DE20F6AE8D006879C1 /* Frameworks */ = {
			isa = PBXFrameworksBuildPhase;
			buildActionMask = 2147483647;
			files = (
				9545F4348B31A219DE138D9B /* Pods_Poddler.framework in Frameworks */,
			);
			runOnlyForDeploymentPostprocessing = 0;
		};
/* End PBXFrameworksBuildPhase section */

/* Begin PBXGroup section */
		573BA31420F7ABC1002318BC /* Controllers */ = {
			isa = PBXGroup;
			children = (
				573BA31520F7ABCF002318BC /* SearchController */,
			);
			path = Controllers;
			sourceTree = "<group>";
		};
		573BA31520F7ABCF002318BC /* SearchController */ = {
			isa = PBXGroup;
			children = (
				573BA31620F7AC26002318BC /* PodcastSearchController.swift */,
			);
			path = SearchController;
			sourceTree = "<group>";
		};
		573BA31820F7AC99002318BC /* Models */ = {
			isa = PBXGroup;
			children = (
				573BA31920F7ACBD002318BC /* Podcast.swift */,
			);
			path = Models;
			sourceTree = "<group>";
		};
		57E6CF1020F7E45A000F4925 /* API */ = {
			isa = PBXGroup;
			children = (
				57E6CF1120F7E46A000F4925 /* APIService.swift */,
			);
			path = API;
			sourceTree = "<group>";
		};
		57E6CF1320F7E8CD000F4925 /* Views */ = {
			isa = PBXGroup;
			children = (
				57E6CF1420F7E8EB000F4925 /* PodcastCell.xib */,
				57E6CF1620F7EA8D000F4925 /* PodcastCell.swift */,
			);
			path = Views;
			sourceTree = "<group>";
		};
		71B0644CAEFA2669DF183308 /* Frameworks */ = {
			isa = PBXGroup;
			children = (
				31A613C26E454E9AF96B0265 /* Pods_Poddler.framework */,
			);
			name = Frameworks;
			sourceTree = "<group>";
		};
		ABAAAEAA63854C15207DEA87 /* Pods */ = {
			isa = PBXGroup;
			children = (
				2F0320E61245EF604F223BB1 /* Pods-Poddler.debug.xcconfig */,
				D295DDBF4A9BD2A6D6419441 /* Pods-Poddler.release.xcconfig */,
			);
			name = Pods;
			sourceTree = "<group>";
		};
		F0F289D820F6AE8D006879C1 = {
			isa = PBXGroup;
			children = (
				F0F289E320F6AE8D006879C1 /* Poddler */,
				F0F289E220F6AE8D006879C1 /* Products */,
				ABAAAEAA63854C15207DEA87 /* Pods */,
				71B0644CAEFA2669DF183308 /* Frameworks */,
			);
			sourceTree = "<group>";
		};
		F0F289E220F6AE8D006879C1 /* Products */ = {
			isa = PBXGroup;
			children = (
				F0F289E120F6AE8D006879C1 /* Poddler.app */,
			);
			name = Products;
			sourceTree = "<group>";
		};
		F0F289E320F6AE8D006879C1 /* Poddler */ = {
			isa = PBXGroup;
			children = (
				57E6CF1320F7E8CD000F4925 /* Views */,
				57E6CF1020F7E45A000F4925 /* API */,
				573BA31820F7AC99002318BC /* Models */,
				573BA31420F7ABC1002318BC /* Controllers */,
				F0F289E420F6AE8D006879C1 /* AppDelegate.swift */,
				F0F289E620F6AE8D006879C1 /* ViewController.swift */,
				F0F289EB20F6AE8F006879C1 /* Assets.xcassets */,
				F0F289ED20F6AE8F006879C1 /* LaunchScreen.storyboard */,
				F0F289F020F6AE8F006879C1 /* Info.plist */,
				F0F289F620F6AF6B006879C1 /* MainTabBarController.swift */,
				573BA31020F6D74F002318BC /* UIColor_ext.swift */,
			);
			path = Poddler;
			sourceTree = "<group>";
		};
/* End PBXGroup section */

/* Begin PBXNativeTarget section */
		F0F289E020F6AE8D006879C1 /* Poddler */ = {
			isa = PBXNativeTarget;
			buildConfigurationList = F0F289F320F6AE8F006879C1 /* Build configuration list for PBXNativeTarget "Poddler" */;
			buildPhases = (
				23967CE6218DF548366D43ED /* [CP] Check Pods Manifest.lock */,
				F0F289DD20F6AE8D006879C1 /* Sources */,
				F0F289DE20F6AE8D006879C1 /* Frameworks */,
				F0F289DF20F6AE8D006879C1 /* Resources */,
				09E529665B631597A406851B /* [CP] Embed Pods Frameworks */,
			);
			buildRules = (
			);
			dependencies = (
			);
			name = Poddler;
			productName = Poddler;
			productReference = F0F289E120F6AE8D006879C1 /* Poddler.app */;
			productType = "com.apple.product-type.application";
		};
/* End PBXNativeTarget section */

/* Begin PBXProject section */
		F0F289D920F6AE8D006879C1 /* Project object */ = {
			isa = PBXProject;
			attributes = {
				LastSwiftUpdateCheck = 1000;
				LastUpgradeCheck = 1000;
				ORGANIZATIONNAME = "Pohle, Sven";
				TargetAttributes = {
					F0F289E020F6AE8D006879C1 = {
						CreatedOnToolsVersion = 10.0;
					};
				};
			};
			buildConfigurationList = F0F289DC20F6AE8D006879C1 /* Build configuration list for PBXProject "Poddler" */;
			compatibilityVersion = "Xcode 9.3";
			developmentRegion = en;
			hasScannedForEncodings = 0;
			knownRegions = (
				en,
				Base,
			);
			mainGroup = F0F289D820F6AE8D006879C1;
			productRefGroup = F0F289E220F6AE8D006879C1 /* Products */;
			projectDirPath = "";
			projectRoot = "";
			targets = (
				F0F289E020F6AE8D006879C1 /* Poddler */,
			);
		};
/* End PBXProject section */

/* Begin PBXResourcesBuildPhase section */
		F0F289DF20F6AE8D006879C1 /* Resources */ = {
			isa = PBXResourcesBuildPhase;
			buildActionMask = 2147483647;
			files = (
				F0F289EF20F6AE8F006879C1 /* LaunchScreen.storyboard in Resources */,
				F0F289EC20F6AE8F006879C1 /* Assets.xcassets in Resources */,
				57E6CF1520F7E8EB000F4925 /* PodcastCell.xib in Resources */,
			);
			runOnlyForDeploymentPostprocessing = 0;
		};
/* End PBXResourcesBuildPhase section */

/* Begin PBXShellScriptBuildPhase section */
		09E529665B631597A406851B /* [CP] Embed Pods Frameworks */ = {
			isa = PBXShellScriptBuildPhase;
			buildActionMask = 2147483647;
			files = (
			);
			inputPaths = (
				"${SRCROOT}/Pods/Target Support Files/Pods-Poddler/Pods-Poddler-frameworks.sh",
				"${BUILT_PRODUCTS_DIR}/Alamofire/Alamofire.framework",
				"${BUILT_PRODUCTS_DIR}/SDWebImage/SDWebImage.framework",
			);
			name = "[CP] Embed Pods Frameworks";
			outputPaths = (
				"${TARGET_BUILD_DIR}/${FRAMEWORKS_FOLDER_PATH}/Alamofire.framework",
				"${TARGET_BUILD_DIR}/${FRAMEWORKS_FOLDER_PATH}/SDWebImage.framework",
			);
			runOnlyForDeploymentPostprocessing = 0;
			shellPath = /bin/sh;
			shellScript = "\"${SRCROOT}/Pods/Target Support Files/Pods-Poddler/Pods-Poddler-frameworks.sh\"\n";
			showEnvVarsInLog = 0;
		};
		23967CE6218DF548366D43ED /* [CP] Check Pods Manifest.lock */ = {
			isa = PBXShellScriptBuildPhase;
			buildActionMask = 2147483647;
			files = (
			);
			inputPaths = (
				"${PODS_PODFILE_DIR_PATH}/Podfile.lock",
				"${PODS_ROOT}/Manifest.lock",
			);
			name = "[CP] Check Pods Manifest.lock";
			outputPaths = (
				"$(DERIVED_FILE_DIR)/Pods-Poddler-checkManifestLockResult.txt",
			);
			runOnlyForDeploymentPostprocessing = 0;
			shellPath = /bin/sh;
			shellScript = "diff \"${PODS_PODFILE_DIR_PATH}/Podfile.lock\" \"${PODS_ROOT}/Manifest.lock\" > /dev/null\nif [ $? != 0 ] ; then\n    # print error to STDERR\n    echo \"error: The sandbox is not in sync with the Podfile.lock. Run 'pod install' or update your CocoaPods installation.\" >&2\n    exit 1\nfi\n# This output is used by Xcode 'outputs' to avoid re-running this script phase.\necho \"SUCCESS\" > \"${SCRIPT_OUTPUT_FILE_0}\"\n";
			showEnvVarsInLog = 0;
		};
/* End PBXShellScriptBuildPhase section */

/* Begin PBXSourcesBuildPhase section */
		F0F289DD20F6AE8D006879C1 /* Sources */ = {
			isa = PBXSourcesBuildPhase;
			buildActionMask = 2147483647;
			files = (
				573BA31720F7AC26002318BC /* PodcastSearchController.swift in Sources */,
				57E6CF1220F7E46A000F4925 /* APIService.swift in Sources */,
				57E6CF1720F7EA8D000F4925 /* PodcastCell.swift in Sources */,
				F0F289E720F6AE8D006879C1 /* ViewController.swift in Sources */,
				573BA31A20F7ACBD002318BC /* Podcast.swift in Sources */,
				573BA31120F6D74F002318BC /* UIColor_ext.swift in Sources */,
				F0F289E520F6AE8D006879C1 /* AppDelegate.swift in Sources */,
				F0F289F720F6AF6B006879C1 /* MainTabBarController.swift in Sources */,
			);
			runOnlyForDeploymentPostprocessing = 0;
		};
/* End PBXSourcesBuildPhase section */

/* Begin PBXVariantGroup section */
		F0F289ED20F6AE8F006879C1 /* LaunchScreen.storyboard */ = {
			isa = PBXVariantGroup;
			children = (
				F0F289EE20F6AE8F006879C1 /* Base */,
			);
			name = LaunchScreen.storyboard;
			sourceTree = "<group>";
		};
/* End PBXVariantGroup section */

/* Begin XCBuildConfiguration section */
		F0F289F120F6AE8F006879C1 /* Debug */ = {
			isa = XCBuildConfiguration;
			buildSettings = {
				ALWAYS_SEARCH_USER_PATHS = NO;
				CLANG_ANALYZER_NONNULL = YES;
				CLANG_ANALYZER_NUMBER_OBJECT_CONVERSION = YES_AGGRESSIVE;
				CLANG_CXX_LANGUAGE_STANDARD = "gnu++14";
				CLANG_CXX_LIBRARY = "libc++";
				CLANG_ENABLE_MODULES = YES;
				CLANG_ENABLE_OBJC_ARC = YES;
				CLANG_ENABLE_OBJC_WEAK = YES;
				CLANG_WARN_BLOCK_CAPTURE_AUTORELEASING = YES;
				CLANG_WARN_BOOL_CONVERSION = YES;
				CLANG_WARN_COMMA = YES;
				CLANG_WARN_CONSTANT_CONVERSION = YES;
				CLANG_WARN_DEPRECATED_OBJC_IMPLEMENTATIONS = YES;
				CLANG_WARN_DIRECT_OBJC_ISA_USAGE = YES_ERROR;
				CLANG_WARN_DOCUMENTATION_COMMENTS = YES;
				CLANG_WARN_EMPTY_BODY = YES;
				CLANG_WARN_ENUM_CONVERSION = YES;
				CLANG_WARN_INFINITE_RECURSION = YES;
				CLANG_WARN_INT_CONVERSION = YES;
				CLANG_WARN_NON_LITERAL_NULL_CONVERSION = YES;
				CLANG_WARN_OBJC_IMPLICIT_RETAIN_SELF = YES;
				CLANG_WARN_OBJC_LITERAL_CONVERSION = YES;
				CLANG_WARN_OBJC_ROOT_CLASS = YES_ERROR;
				CLANG_WARN_RANGE_LOOP_ANALYSIS = YES;
				CLANG_WARN_STRICT_PROTOTYPES = YES;
				CLANG_WARN_SUSPICIOUS_MOVE = YES;
				CLANG_WARN_UNGUARDED_AVAILABILITY = YES_AGGRESSIVE;
				CLANG_WARN_UNREACHABLE_CODE = YES;
				CLANG_WARN__DUPLICATE_METHOD_MATCH = YES;
				CODE_SIGN_IDENTITY = "iPhone Developer";
				COPY_PHASE_STRIP = NO;
				DEBUG_INFORMATION_FORMAT = dwarf;
				ENABLE_STRICT_OBJC_MSGSEND = YES;
				ENABLE_TESTABILITY = YES;
				GCC_C_LANGUAGE_STANDARD = gnu11;
				GCC_DYNAMIC_NO_PIC = NO;
				GCC_NO_COMMON_BLOCKS = YES;
				GCC_OPTIMIZATION_LEVEL = 0;
				GCC_PREPROCESSOR_DEFINITIONS = (
					"DEBUG=1",
					"$(inherited)",
				);
				GCC_WARN_64_TO_32_BIT_CONVERSION = YES;
				GCC_WARN_ABOUT_RETURN_TYPE = YES_ERROR;
				GCC_WARN_UNDECLARED_SELECTOR = YES;
				GCC_WARN_UNINITIALIZED_AUTOS = YES_AGGRESSIVE;
				GCC_WARN_UNUSED_FUNCTION = YES;
				GCC_WARN_UNUSED_VARIABLE = YES;
				IPHONEOS_DEPLOYMENT_TARGET = 12.0;
				MTL_ENABLE_DEBUG_INFO = INCLUDE_SOURCE;
				ONLY_ACTIVE_ARCH = YES;
				SDKROOT = iphoneos;
				SWIFT_ACTIVE_COMPILATION_CONDITIONS = DEBUG;
				SWIFT_OPTIMIZATION_LEVEL = "-Onone";
			};
			name = Debug;
		};
		F0F289F220F6AE8F006879C1 /* Release */ = {
			isa = XCBuildConfiguration;
			buildSettings = {
				ALWAYS_SEARCH_USER_PATHS = NO;
				CLANG_ANALYZER_NONNULL = YES;
				CLANG_ANALYZER_NUMBER_OBJECT_CONVERSION = YES_AGGRESSIVE;
				CLANG_CXX_LANGUAGE_STANDARD = "gnu++14";
				CLANG_CXX_LIBRARY = "libc++";
				CLANG_ENABLE_MODULES = YES;
				CLANG_ENABLE_OBJC_ARC = YES;
				CLANG_ENABLE_OBJC_WEAK = YES;
				CLANG_WARN_BLOCK_CAPTURE_AUTORELEASING = YES;
				CLANG_WARN_BOOL_CONVERSION = YES;
				CLANG_WARN_COMMA = YES;
				CLANG_WARN_CONSTANT_CONVERSION = YES;
				CLANG_WARN_DEPRECATED_OBJC_IMPLEMENTATIONS = YES;
				CLANG_WARN_DIRECT_OBJC_ISA_USAGE = YES_ERROR;
				CLANG_WARN_DOCUMENTATION_COMMENTS = YES;
				CLANG_WARN_EMPTY_BODY = YES;
				CLANG_WARN_ENUM_CONVERSION = YES;
				CLANG_WARN_INFINITE_RECURSION = YES;
				CLANG_WARN_INT_CONVERSION = YES;
				CLANG_WARN_NON_LITERAL_NULL_CONVERSION = YES;
				CLANG_WARN_OBJC_IMPLICIT_RETAIN_SELF = YES;
				CLANG_WARN_OBJC_LITERAL_CONVERSION = YES;
				CLANG_WARN_OBJC_ROOT_CLASS = YES_ERROR;
				CLANG_WARN_RANGE_LOOP_ANALYSIS = YES;
				CLANG_WARN_STRICT_PROTOTYPES = YES;
				CLANG_WARN_SUSPICIOUS_MOVE = YES;
				CLANG_WARN_UNGUARDED_AVAILABILITY = YES_AGGRESSIVE;
				CLANG_WARN_UNREACHABLE_CODE = YES;
				CLANG_WARN__DUPLICATE_METHOD_MATCH = YES;
				CODE_SIGN_IDENTITY = "iPhone Developer";
				COPY_PHASE_STRIP = NO;
				DEBUG_INFORMATION_FORMAT = "dwarf-with-dsym";
				ENABLE_NS_ASSERTIONS = NO;
				ENABLE_STRICT_OBJC_MSGSEND = YES;
				GCC_C_LANGUAGE_STANDARD = gnu11;
				GCC_NO_COMMON_BLOCKS = YES;
				GCC_WARN_64_TO_32_BIT_CONVERSION = YES;
				GCC_WARN_ABOUT_RETURN_TYPE = YES_ERROR;
				GCC_WARN_UNDECLARED_SELECTOR = YES;
				GCC_WARN_UNINITIALIZED_AUTOS = YES_AGGRESSIVE;
				GCC_WARN_UNUSED_FUNCTION = YES;
				GCC_WARN_UNUSED_VARIABLE = YES;
				IPHONEOS_DEPLOYMENT_TARGET = 12.0;
				MTL_ENABLE_DEBUG_INFO = NO;
				SDKROOT = iphoneos;
				SWIFT_COMPILATION_MODE = wholemodule;
				SWIFT_OPTIMIZATION_LEVEL = "-O";
				VALIDATE_PRODUCT = YES;
			};
			name = Release;
		};
		F0F289F420F6AE8F006879C1 /* Debug */ = {
			isa = XCBuildConfiguration;
			baseConfigurationReference = 2F0320E61245EF604F223BB1 /* Pods-Poddler.debug.xcconfig */;
			buildSettings = {
				ASSETCATALOG_COMPILER_APPICON_NAME = AppIcon;
				CODE_SIGN_STYLE = Automatic;
				DEVELOPMENT_TEAM = Q5BR2BF73N;
				INFOPLIST_FILE = Poddler/Info.plist;
				LD_RUNPATH_SEARCH_PATHS = (
					"$(inherited)",
					"@executable_path/Frameworks",
				);
				PRODUCT_BUNDLE_IDENTIFIER = com.spohle.Poddler;
				PRODUCT_NAME = "$(TARGET_NAME)";
				SWIFT_VERSION = 4.2;
				TARGETED_DEVICE_FAMILY = "1,2";
			};
			name = Debug;
		};
		F0F289F520F6AE8F006879C1 /* Release */ = {
			isa = XCBuildConfiguration;
			baseConfigurationReference = D295DDBF4A9BD2A6D6419441 /* Pods-Poddler.release.xcconfig */;
			buildSettings = {
				ASSETCATALOG_COMPILER_APPICON_NAME = AppIcon;
				CODE_SIGN_STYLE = Automatic;
				DEVELOPMENT_TEAM = Q5BR2BF73N;
				INFOPLIST_FILE = Poddler/Info.plist;
				LD_RUNPATH_SEARCH_PATHS = (
					"$(inherited)",
					"@executable_path/Frameworks",
				);
				PRODUCT_BUNDLE_IDENTIFIER = com.spohle.Poddler;
				PRODUCT_NAME = "$(TARGET_NAME)";
				SWIFT_VERSION = 4.2;
				TARGETED_DEVICE_FAMILY = "1,2";
			};
			name = Release;
		};
/* End XCBuildConfiguration section */

/* Begin XCConfigurationList section */
		F0F289DC20F6AE8D006879C1 /* Build configuration list for PBXProject "Poddler" */ = {
			isa = XCConfigurationList;
			buildConfigurations = (
				F0F289F120F6AE8F006879C1 /* Debug */,
				F0F289F220F6AE8F006879C1 /* Release */,
			);
			defaultConfigurationIsVisible = 0;
			defaultConfigurationName = Release;
		};
		F0F289F320F6AE8F006879C1 /* Build configuration list for PBXNativeTarget "Poddler" */ = {
			isa = XCConfigurationList;
			buildConfigurations = (
				F0F289F420F6AE8F006879C1 /* Debug */,
				F0F289F520F6AE8F006879C1 /* Release */,
			);
			defaultConfigurationIsVisible = 0;
			defaultConfigurationName = Release;
		};
/* End XCConfigurationList section */
	};
	rootObject = F0F289D920F6AE8D006879C1 /* Project object */;
}
